
Microsoft Visual Studio Solution File, Format Version 12.00
# Visual Studio Version 16
VisualStudioVersion = 16.0.30907.101
MinimumVisualStudioVersion = 15.0.26124.0
Project("{2150E333-8FDC-42A3-9474-1A3956D46DE8}") = "tests", "tests", "{01346811-EDAA-41B4-ACD8-9669E634C648}"
EndProject
Project("{2150E333-8FDC-42A3-9474-1A3956D46DE8}") = "src", "src", "{8C66A104-521E-48C0-A70E-81B91063D7C2}"
EndProject
Project("{9A19103F-16F7-4668-BE54-9A1E7A4F7556}") = "TheGamesDBApiWrapper", "src\TheGamesDBApiWrapper.csproj", "{9F2431E3-7EE2-4674-A4A2-F6D2E74AD37F}"
EndProject
Project("{FAE04EC0-301F-11D3-BF4B-00C04F79EFBC}") = "TheGamesDBApiWrapperTests", "tests\TheGamesDBApiWrapperTests\TheGamesDBApiWrapperTests.csproj", "{0A841061-BF4F-40EB-84E9-6C449DF38355}"
EndProject
Global
	GlobalSection(SolutionConfigurationPlatforms) = preSolution
		Debug|Any CPU = Debug|Any CPU
		Debug|x64 = Debug|x64
		Debug|x86 = Debug|x86
		Release|Any CPU = Release|Any CPU
		Release|x64 = Release|x64
		Release|x86 = Release|x86
	EndGlobalSection
	GlobalSection(ProjectConfigurationPlatforms) = postSolution
		{9F2431E3-7EE2-4674-A4A2-F6D2E74AD37F}.Debug|Any CPU.ActiveCfg = Debug|Any CPU
		{9F2431E3-7EE2-4674-A4A2-F6D2E74AD37F}.Debug|Any CPU.Build.0 = Debug|Any CPU
		{9F2431E3-7EE2-4674-A4A2-F6D2E74AD37F}.Debug|x64.ActiveCfg = Debug|Any CPU
		{9F2431E3-7EE2-4674-A4A2-F6D2E74AD37F}.Debug|x64.Build.0 = Debug|Any CPU
		{9F2431E3-7EE2-4674-A4A2-F6D2E74AD37F}.Debug|x86.ActiveCfg = Debug|Any CPU
		{9F2431E3-7EE2-4674-A4A2-F6D2E74AD37F}.Debug|x86.Build.0 = Debug|Any CPU
		{9F2431E3-7EE2-4674-A4A2-F6D2E74AD37F}.Release|Any CPU.ActiveCfg = Release|Any CPU
		{9F2431E3-7EE2-4674-A4A2-F6D2E74AD37F}.Release|Any CPU.Build.0 = Release|Any CPU
		{9F2431E3-7EE2-4674-A4A2-F6D2E74AD37F}.Release|x64.ActiveCfg = Release|Any CPU
		{9F2431E3-7EE2-4674-A4A2-F6D2E74AD37F}.Release|x64.Build.0 = Release|Any CPU
		{9F2431E3-7EE2-4674-A4A2-F6D2E74AD37F}.Release|x86.ActiveCfg = Release|Any CPU
		{9F2431E3-7EE2-4674-A4A2-F6D2E74AD37F}.Release|x86.Build.0 = Release|Any CPU
		{0A841061-BF4F-40EB-84E9-6C449DF38355}.Debug|Any CPU.ActiveCfg = Debug|Any CPU
		{0A841061-BF4F-40EB-84E9-6C449DF38355}.Debug|Any CPU.Build.0 = Debug|Any CPU
		{0A841061-BF4F-40EB-84E9-6C449DF38355}.Debug|x64.ActiveCfg = Debug|Any CPU
		{0A841061-BF4F-40EB-84E9-6C449DF38355}.Debug|x64.Build.0 = Debug|Any CPU
		{0A841061-BF4F-40EB-84E9-6C449DF38355}.Debug|x86.ActiveCfg = Debug|Any CPU
		{0A841061-BF4F-40EB-84E9-6C449DF38355}.Debug|x86.Build.0 = Debug|Any CPU
		{0A841061-BF4F-40EB-84E9-6C449DF38355}.Release|Any CPU.ActiveCfg = Release|Any CPU
		{0A841061-BF4F-40EB-84E9-6C449DF38355}.Release|Any CPU.Build.0 = Release|Any CPU
		{0A841061-BF4F-40EB-84E9-6C449DF38355}.Release|x64.ActiveCfg = Release|Any CPU
		{0A841061-BF4F-40EB-84E9-6C449DF38355}.Release|x64.Build.0 = Release|Any CPU
		{0A841061-BF4F-40EB-84E9-6C449DF38355}.Release|x86.ActiveCfg = Release|Any CPU
		{0A841061-BF4F-40EB-84E9-6C449DF38355}.Release|x86.Build.0 = Release|Any CPU
	EndGlobalSection
	GlobalSection(SolutionProperties) = preSolution
		HideSolutionNode = FALSE
	EndGlobalSection
	GlobalSection(NestedProjects) = preSolution
		{9F2431E3-7EE2-4674-A4A2-F6D2E74AD37F} = {8C66A104-521E-48C0-A70E-81B91063D7C2}
		{0A841061-BF4F-40EB-84E9-6C449DF38355} = {01346811-EDAA-41B4-ACD8-9669E634C648}
	EndGlobalSection
	GlobalSection(ExtensibilityGlobals) = postSolution
		SolutionGuid = {E2BBEEBF-310B-4800-A2B3-6FE3657F7487}
	EndGlobalSection
EndGlobal
